// !$*UTF8*$!
{
	archiveVersion = 1;
	classes = {
	};
	objectVersion = 55;
	objects = {

/* Begin PBXBuildFile section */
		FD0FCADD28C893F4005303BD /* AppSlider.swift in Sources */ = {isa = PBXBuildFile; fileRef = FD0FCADC28C893F4005303BD /* AppSlider.swift */; };
		FD0FCAE028C89E66005303BD /* RulerView.swift in Sources */ = {isa = PBXBuildFile; fileRef = FD0FCADF28C89E66005303BD /* RulerView.swift */; };
		FD1267B228B63281008EC465 /* Assets.xcassets in Resources */ = {isa = PBXBuildFile; fileRef = FD1267B128B63281008EC465 /* Assets.xcassets */; };
		FD1267B528B63281008EC465 /* Preview Assets.xcassets in Resources */ = {isa = PBXBuildFile; fileRef = FD1267B428B63281008EC465 /* Preview Assets.xcassets */; };
		FD1267BE28B632D3008EC465 /* AudioWaveView.swift in Sources */ = {isa = PBXBuildFile; fileRef = FD1267BC28B632D3008EC465 /* AudioWaveView.swift */; };
		FD1267BF28B632D3008EC465 /* StudioMainView.swift in Sources */ = {isa = PBXBuildFile; fileRef = FD1267BD28B632D3008EC465 /* StudioMainView.swift */; };
		FD1267C228B7654E008EC465 /* StudioConstants.swift in Sources */ = {isa = PBXBuildFile; fileRef = FD1267C128B7654E008EC465 /* StudioConstants.swift */; };
		FD1CB33628D47D8300B1CCCD /* EffectCell.swift in Sources */ = {isa = PBXBuildFile; fileRef = FD1CB33528D47D8300B1CCCD /* EffectCell.swift */; };
		FD1CB33828D47D9700B1CCCD /* EffectCellEntity.swift in Sources */ = {isa = PBXBuildFile; fileRef = FD1CB33728D47D9700B1CCCD /* EffectCellEntity.swift */; };
		FD1CB33A28D47FA000B1CCCD /* EffectsView.swift in Sources */ = {isa = PBXBuildFile; fileRef = FD1CB33928D47FA000B1CCCD /* EffectsView.swift */; };
		FD2609E528C5BA1100CE623F /* InExtensions.swift in Sources */ = {isa = PBXBuildFile; fileRef = FD2609E428C5BA1100CE623F /* InExtensions.swift */; };
		FD33D48428D865ED009B373E /* EffectsPopUpView.swift in Sources */ = {isa = PBXBuildFile; fileRef = FD33D48328D865ED009B373E /* EffectsPopUpView.swift */; };
		FD33D48728D8665F009B373E /* EffectsPopUpCell.swift in Sources */ = {isa = PBXBuildFile; fileRef = FD33D48628D8665F009B373E /* EffectsPopUpCell.swift */; };
		FD33D48E28D8694D009B373E /* UIColorExtensions.swift in Sources */ = {isa = PBXBuildFile; fileRef = FD33D48D28D8694D009B373E /* UIColorExtensions.swift */; };
		FD33D49028D869AF009B373E /* EffectsPopUpCellEntity.swift in Sources */ = {isa = PBXBuildFile; fileRef = FD33D48F28D869AF009B373E /* EffectsPopUpCellEntity.swift */; };
		FD3D3CA328BF4BA3008DDA51 /* StudioMainViewController.swift in Sources */ = {isa = PBXBuildFile; fileRef = FD3D3CA228BF4BA3008DDA51 /* StudioMainViewController.swift */; };
		FD3D3CA628BF4D10008DDA51 /* AppDelegate.swift in Sources */ = {isa = PBXBuildFile; fileRef = FD3D3CA528BF4D10008DDA51 /* AppDelegate.swift */; };
		FD3D3CAA28BF4FC2008DDA51 /* MixerCell.swift in Sources */ = {isa = PBXBuildFile; fileRef = FD3D3CA928BF4FC2008DDA51 /* MixerCell.swift */; };
		FD3D3CAD28BF53E6008DDA51 /* ViewExtensions.swift in Sources */ = {isa = PBXBuildFile; fileRef = FD3D3CAC28BF53E6008DDA51 /* ViewExtensions.swift */; };
		FD3D3CB028BF54AA008DDA51 /* MixerCellEntity.swift in Sources */ = {isa = PBXBuildFile; fileRef = FD3D3CAF28BF54AA008DDA51 /* MixerCellEntity.swift */; };
		FD3D3CB228BF5733008DDA51 /* ColorExtensions.swift in Sources */ = {isa = PBXBuildFile; fileRef = FD3D3CB128BF5733008DDA51 /* ColorExtensions.swift */; };
		FD6075E628DDB47300C96134 /* EffectsPopUpType.swift in Sources */ = {isa = PBXBuildFile; fileRef = FD6075E528DDB47300C96134 /* EffectsPopUpType.swift */; };
		FD8A2FAB28E1AE690089E047 /* DoubleExtension.swift in Sources */ = {isa = PBXBuildFile; fileRef = FD8A2FAA28E1AE690089E047 /* DoubleExtension.swift */; };
		FD8A2FAE28E1BBC90089E047 /* LyricsView.swift in Sources */ = {isa = PBXBuildFile; fileRef = FD8A2FAD28E1BBC90089E047 /* LyricsView.swift */; };
		FD9FC6EE29A620B800F3AC2B /* AudioToolbox.framework in Frameworks */ = {isa = PBXBuildFile; fileRef = FD9FC6EC29A620B800F3AC2B /* AudioToolbox.framework */; };
		FD9FC6EF29A620B800F3AC2B /* CoreAudio.framework in Frameworks */ = {isa = PBXBuildFile; fileRef = FD9FC6ED29A620B800F3AC2B /* CoreAudio.framework */; };
		FD9FC6F129A620C000F3AC2B /* AVFoundation.framework in Frameworks */ = {isa = PBXBuildFile; fileRef = FD9FC6F029A620C000F3AC2B /* AVFoundation.framework */; };
		FD9FC6F729A6220E00F3AC2B /* lycka.mp3 in Resources */ = {isa = PBXBuildFile; fileRef = FD9FC6F529A6220D00F3AC2B /* lycka.mp3 */; };
		FD9FC6F829A6220E00F3AC2B /* nuyorica.m4a in Resources */ = {isa = PBXBuildFile; fileRef = FD9FC6F629A6220D00F3AC2B /* nuyorica.m4a */; };
		FD9FC6FC29A6224300F3AC2B /* SuperpoweredIOSAudioIO.mm in Sources */ = {isa = PBXBuildFile; fileRef = FD9FC6FB29A6224200F3AC2B /* SuperpoweredIOSAudioIO.mm */; };
		FD9FC6FF29A6240500F3AC2B /* SuperpoweredService.m in Sources */ = {isa = PBXBuildFile; fileRef = FD9FC6FE29A6240500F3AC2B /* SuperpoweredService.m */; };
		FD9FC70229A6263E00F3AC2B /* StudioMainViewModel.swift in Sources */ = {isa = PBXBuildFile; fileRef = FD9FC70129A6263E00F3AC2B /* StudioMainViewModel.swift */; };
		FD9FC70529A6265200F3AC2B /* StudioMainProtocols.swift in Sources */ = {isa = PBXBuildFile; fileRef = FD9FC70429A6265200F3AC2B /* StudioMainProtocols.swift */; };
		FD9FC70729A631C200F3AC2B /* libSuperpoweredAudio.xcframework in Frameworks */ = {isa = PBXBuildFile; fileRef = FD9FC70629A631C200F3AC2B /* libSuperpoweredAudio.xcframework */; };
		FD9FC70A29A63CCC00F3AC2B /* AppConstants.swift in Sources */ = {isa = PBXBuildFile; fileRef = FD9FC70929A63CCC00F3AC2B /* AppConstants.swift */; };
		FDD0245E29ACCD220012F154 /* CoreMedia.framework in Frameworks */ = {isa = PBXBuildFile; fileRef = FDD0245D29ACCD220012F154 /* CoreMedia.framework */; };
		FDD0246029ACCD2A0012F154 /* MediaPlayer.framework in Frameworks */ = {isa = PBXBuildFile; fileRef = FDD0245F29ACCD2A0012F154 /* MediaPlayer.framework */; };
		FDD0246229ACCD360012F154 /* Foundation.framework in Frameworks */ = {isa = PBXBuildFile; fileRef = FDD0246129ACCD360012F154 /* Foundation.framework */; };
		FDD0246429ACCD3F0012F154 /* CoreGraphics.framework in Frameworks */ = {isa = PBXBuildFile; fileRef = FDD0246329ACCD3F0012F154 /* CoreGraphics.framework */; };
		FDD0246629ACD68A0012F154 /* UIKit.framework in Frameworks */ = {isa = PBXBuildFile; fileRef = FDD0246529ACD68A0012F154 /* UIKit.framework */; };
		FDF0BAEE29DABCFA00244E7F /* heroic.mp3 in Resources */ = {isa = PBXBuildFile; fileRef = FDF0BAED29DABCFA00244E7F /* heroic.mp3 */; };
		FDFB155028D323CF00F42B0A /* StudioBottomView.swift in Sources */ = {isa = PBXBuildFile; fileRef = FDFB154F28D323CF00F42B0A /* StudioBottomView.swift */; };
/* End PBXBuildFile section */

/* Begin PBXFileReference section */
		FD0FCADC28C893F4005303BD /* AppSlider.swift */ = {isa = PBXFileReference; lastKnownFileType = sourcecode.swift; path = AppSlider.swift; sourceTree = "<group>"; };
		FD0FCADF28C89E66005303BD /* RulerView.swift */ = {isa = PBXFileReference; lastKnownFileType = sourcecode.swift; path = RulerView.swift; sourceTree = "<group>"; };
		FD1267AA28B6327F008EC465 /* JuzStudio.app */ = {isa = PBXFileReference; explicitFileType = wrapper.application; includeInIndex = 0; path = JuzStudio.app; sourceTree = BUILT_PRODUCTS_DIR; };
		FD1267B128B63281008EC465 /* Assets.xcassets */ = {isa = PBXFileReference; lastKnownFileType = folder.assetcatalog; path = Assets.xcassets; sourceTree = "<group>"; };
		FD1267B428B63281008EC465 /* Preview Assets.xcassets */ = {isa = PBXFileReference; lastKnownFileType = folder.assetcatalog; path = "Preview Assets.xcassets"; sourceTree = "<group>"; };
		FD1267BC28B632D3008EC465 /* AudioWaveView.swift */ = {isa = PBXFileReference; fileEncoding = 4; lastKnownFileType = sourcecode.swift; path = AudioWaveView.swift; sourceTree = "<group>"; };
		FD1267BD28B632D3008EC465 /* StudioMainView.swift */ = {isa = PBXFileReference; fileEncoding = 4; lastKnownFileType = sourcecode.swift; path = StudioMainView.swift; sourceTree = "<group>"; };
		FD1267C128B7654E008EC465 /* StudioConstants.swift */ = {isa = PBXFileReference; lastKnownFileType = sourcecode.swift; path = StudioConstants.swift; sourceTree = "<group>"; };
		FD1CB33528D47D8300B1CCCD /* EffectCell.swift */ = {isa = PBXFileReference; lastKnownFileType = sourcecode.swift; path = EffectCell.swift; sourceTree = "<group>"; };
		FD1CB33728D47D9700B1CCCD /* EffectCellEntity.swift */ = {isa = PBXFileReference; lastKnownFileType = sourcecode.swift; path = EffectCellEntity.swift; sourceTree = "<group>"; };
		FD1CB33928D47FA000B1CCCD /* EffectsView.swift */ = {isa = PBXFileReference; lastKnownFileType = sourcecode.swift; path = EffectsView.swift; sourceTree = "<group>"; };
		FD2609E428C5BA1100CE623F /* InExtensions.swift */ = {isa = PBXFileReference; lastKnownFileType = sourcecode.swift; path = InExtensions.swift; sourceTree = "<group>"; };
		FD33D48328D865ED009B373E /* EffectsPopUpView.swift */ = {isa = PBXFileReference; lastKnownFileType = sourcecode.swift; path = EffectsPopUpView.swift; sourceTree = "<group>"; };
		FD33D48628D8665F009B373E /* EffectsPopUpCell.swift */ = {isa = PBXFileReference; lastKnownFileType = sourcecode.swift; path = EffectsPopUpCell.swift; sourceTree = "<group>"; };
		FD33D48D28D8694D009B373E /* UIColorExtensions.swift */ = {isa = PBXFileReference; lastKnownFileType = sourcecode.swift; path = UIColorExtensions.swift; sourceTree = "<group>"; };
		FD33D48F28D869AF009B373E /* EffectsPopUpCellEntity.swift */ = {isa = PBXFileReference; lastKnownFileType = sourcecode.swift; path = EffectsPopUpCellEntity.swift; sourceTree = "<group>"; };
		FD3D3CA228BF4BA3008DDA51 /* StudioMainViewController.swift */ = {isa = PBXFileReference; lastKnownFileType = sourcecode.swift; path = StudioMainViewController.swift; sourceTree = "<group>"; };
		FD3D3CA528BF4D10008DDA51 /* AppDelegate.swift */ = {isa = PBXFileReference; lastKnownFileType = sourcecode.swift; path = AppDelegate.swift; sourceTree = "<group>"; };
		FD3D3CA928BF4FC2008DDA51 /* MixerCell.swift */ = {isa = PBXFileReference; lastKnownFileType = sourcecode.swift; path = MixerCell.swift; sourceTree = "<group>"; };
		FD3D3CAC28BF53E6008DDA51 /* ViewExtensions.swift */ = {isa = PBXFileReference; lastKnownFileType = sourcecode.swift; path = ViewExtensions.swift; sourceTree = "<group>"; };
		FD3D3CAF28BF54AA008DDA51 /* MixerCellEntity.swift */ = {isa = PBXFileReference; lastKnownFileType = sourcecode.swift; path = MixerCellEntity.swift; sourceTree = "<group>"; };
		FD3D3CB128BF5733008DDA51 /* ColorExtensions.swift */ = {isa = PBXFileReference; lastKnownFileType = sourcecode.swift; path = ColorExtensions.swift; sourceTree = "<group>"; };
		FD6075E528DDB47300C96134 /* EffectsPopUpType.swift */ = {isa = PBXFileReference; lastKnownFileType = sourcecode.swift; path = EffectsPopUpType.swift; sourceTree = "<group>"; };
		FD8A2FAA28E1AE690089E047 /* DoubleExtension.swift */ = {isa = PBXFileReference; lastKnownFileType = sourcecode.swift; path = DoubleExtension.swift; sourceTree = "<group>"; };
		FD8A2FAD28E1BBC90089E047 /* LyricsView.swift */ = {isa = PBXFileReference; lastKnownFileType = sourcecode.swift; path = LyricsView.swift; sourceTree = "<group>"; };
		FD9FC6EC29A620B800F3AC2B /* AudioToolbox.framework */ = {isa = PBXFileReference; lastKnownFileType = wrapper.framework; name = AudioToolbox.framework; path = System/Library/Frameworks/AudioToolbox.framework; sourceTree = SDKROOT; };
		FD9FC6ED29A620B800F3AC2B /* CoreAudio.framework */ = {isa = PBXFileReference; lastKnownFileType = wrapper.framework; name = CoreAudio.framework; path = System/Library/Frameworks/CoreAudio.framework; sourceTree = SDKROOT; };
		FD9FC6F029A620C000F3AC2B /* AVFoundation.framework */ = {isa = PBXFileReference; lastKnownFileType = wrapper.framework; name = AVFoundation.framework; path = System/Library/Frameworks/AVFoundation.framework; sourceTree = SDKROOT; };
		FD9FC6F529A6220D00F3AC2B /* lycka.mp3 */ = {isa = PBXFileReference; lastKnownFileType = audio.mp3; path = lycka.mp3; sourceTree = "<group>"; };
		FD9FC6F629A6220D00F3AC2B /* nuyorica.m4a */ = {isa = PBXFileReference; lastKnownFileType = file; path = nuyorica.m4a; sourceTree = "<group>"; };
		FD9FC6F929A6224200F3AC2B /* SuperpoweredService.h */ = {isa = PBXFileReference; lastKnownFileType = sourcecode.c.h; path = SuperpoweredService.h; sourceTree = "<group>"; };
		FD9FC6FA29A6224200F3AC2B /* SuperpoweredIOSAudioIO.h */ = {isa = PBXFileReference; fileEncoding = 4; lastKnownFileType = sourcecode.c.h; path = SuperpoweredIOSAudioIO.h; sourceTree = "<group>"; };
		FD9FC6FB29A6224200F3AC2B /* SuperpoweredIOSAudioIO.mm */ = {isa = PBXFileReference; fileEncoding = 4; lastKnownFileType = sourcecode.cpp.objcpp; path = SuperpoweredIOSAudioIO.mm; sourceTree = "<group>"; };
		FD9FC6FD29A622CA00F3AC2B /* Superpowered.h */ = {isa = PBXFileReference; lastKnownFileType = sourcecode.c.h; path = Superpowered.h; sourceTree = "<group>"; };
		FD9FC6FE29A6240500F3AC2B /* SuperpoweredService.m */ = {isa = PBXFileReference; lastKnownFileType = sourcecode.c.objc; path = SuperpoweredService.m; sourceTree = "<group>"; };
		FD9FC70129A6263E00F3AC2B /* StudioMainViewModel.swift */ = {isa = PBXFileReference; lastKnownFileType = sourcecode.swift; path = StudioMainViewModel.swift; sourceTree = "<group>"; };
		FD9FC70429A6265200F3AC2B /* StudioMainProtocols.swift */ = {isa = PBXFileReference; lastKnownFileType = sourcecode.swift; path = StudioMainProtocols.swift; sourceTree = "<group>"; };
		FD9FC70629A631C200F3AC2B /* libSuperpoweredAudio.xcframework */ = {isa = PBXFileReference; lastKnownFileType = wrapper.xcframework; path = libSuperpoweredAudio.xcframework; sourceTree = "<group>"; };
		FD9FC70929A63CCC00F3AC2B /* AppConstants.swift */ = {isa = PBXFileReference; lastKnownFileType = sourcecode.swift; path = AppConstants.swift; sourceTree = "<group>"; };
		FDD0245929ACAEE20012F154 /* SuperpoweredAdvancedAudioPlayer.h */ = {isa = PBXFileReference; lastKnownFileType = sourcecode.c.h; path = SuperpoweredAdvancedAudioPlayer.h; sourceTree = "<group>"; };
		FDD0245A29ACB19D0012F154 /* SuperpoweredDecoder.h */ = {isa = PBXFileReference; lastKnownFileType = sourcecode.c.h; path = SuperpoweredDecoder.h; sourceTree = "<group>"; };
		FDD0245B29ACB1B60012F154 /* SuperpoweredHTTP.h */ = {isa = PBXFileReference; lastKnownFileType = sourcecode.c.h; path = SuperpoweredHTTP.h; sourceTree = "<group>"; };
		FDD0245D29ACCD220012F154 /* CoreMedia.framework */ = {isa = PBXFileReference; lastKnownFileType = wrapper.framework; name = CoreMedia.framework; path = System/Library/Frameworks/CoreMedia.framework; sourceTree = SDKROOT; };
		FDD0245F29ACCD2A0012F154 /* MediaPlayer.framework */ = {isa = PBXFileReference; lastKnownFileType = wrapper.framework; name = MediaPlayer.framework; path = System/Library/Frameworks/MediaPlayer.framework; sourceTree = SDKROOT; };
		FDD0246129ACCD360012F154 /* Foundation.framework */ = {isa = PBXFileReference; lastKnownFileType = wrapper.framework; name = Foundation.framework; path = System/Library/Frameworks/Foundation.framework; sourceTree = SDKROOT; };
		FDD0246329ACCD3F0012F154 /* CoreGraphics.framework */ = {isa = PBXFileReference; lastKnownFileType = wrapper.framework; name = CoreGraphics.framework; path = System/Library/Frameworks/CoreGraphics.framework; sourceTree = SDKROOT; };
		FDD0246529ACD68A0012F154 /* UIKit.framework */ = {isa = PBXFileReference; lastKnownFileType = wrapper.framework; name = UIKit.framework; path = System/Library/Frameworks/UIKit.framework; sourceTree = SDKROOT; };
		FDD0246729AF62920012F154 /* SuperpoweredAnalyzer.h */ = {isa = PBXFileReference; lastKnownFileType = sourcecode.c.h; path = SuperpoweredAnalyzer.h; sourceTree = "<group>"; };
		FDD0246A29B0C3720012F154 /* SuperpoweredGenerator.h */ = {isa = PBXFileReference; lastKnownFileType = sourcecode.c.h; path = SuperpoweredGenerator.h; sourceTree = "<group>"; };
		FDD0246B29B60FC00012F154 /* SuperpoweredBandpassFilterbank.h */ = {isa = PBXFileReference; lastKnownFileType = sourcecode.c.h; path = SuperpoweredBandpassFilterbank.h; sourceTree = "<group>"; };
		FDF0BAED29DABCFA00244E7F /* heroic.mp3 */ = {isa = PBXFileReference; lastKnownFileType = audio.mp3; path = heroic.mp3; sourceTree = "<group>"; };
		FDFB154F28D323CF00F42B0A /* StudioBottomView.swift */ = {isa = PBXFileReference; lastKnownFileType = sourcecode.swift; path = StudioBottomView.swift; sourceTree = "<group>"; };
/* End PBXFileReference section */

/* Begin PBXFrameworksBuildPhase section */
		FD1267A728B6327F008EC465 /* Frameworks */ = {
			isa = PBXFrameworksBuildPhase;
			buildActionMask = 2147483647;
			files = (
				FD9FC6EF29A620B800F3AC2B /* CoreAudio.framework in Frameworks */,
				FDD0246629ACD68A0012F154 /* UIKit.framework in Frameworks */,
				FD9FC6EE29A620B800F3AC2B /* AudioToolbox.framework in Frameworks */,
				FD9FC70729A631C200F3AC2B /* libSuperpoweredAudio.xcframework in Frameworks */,
				FD9FC6F129A620C000F3AC2B /* AVFoundation.framework in Frameworks */,
				FDD0246429ACCD3F0012F154 /* CoreGraphics.framework in Frameworks */,
				FDD0246029ACCD2A0012F154 /* MediaPlayer.framework in Frameworks */,
				FDD0246229ACCD360012F154 /* Foundation.framework in Frameworks */,
				FDD0245E29ACCD220012F154 /* CoreMedia.framework in Frameworks */,
			);
			runOnlyForDeploymentPostprocessing = 0;
		};
/* End PBXFrameworksBuildPhase section */

/* Begin PBXGroup section */
		FD0FCADB28C893C1005303BD /* CustomViews */ = {
			isa = PBXGroup;
			children = (
				FD0FCADC28C893F4005303BD /* AppSlider.swift */,
			);
			path = CustomViews;
			sourceTree = "<group>";
		};
		FD0FCADE28C89E5A005303BD /* Ruler */ = {
			isa = PBXGroup;
			children = (
				FD0FCADF28C89E66005303BD /* RulerView.swift */,
			);
			path = Ruler;
			sourceTree = "<group>";
		};
		FD1267A128B6327F008EC465 = {
			isa = PBXGroup;
			children = (
				FD1267AC28B6327F008EC465 /* JuzStudio */,
				FD9FC6F229A620E100F3AC2B /* Superpowered */,
				FD1267AB28B6327F008EC465 /* Products */,
				FD9FC6EB29A620B700F3AC2B /* Frameworks */,
			);
			sourceTree = "<group>";
		};
		FD1267AB28B6327F008EC465 /* Products */ = {
			isa = PBXGroup;
			children = (
				FD1267AA28B6327F008EC465 /* JuzStudio.app */,
			);
			name = Products;
			sourceTree = "<group>";
		};
		FD1267AC28B6327F008EC465 /* JuzStudio */ = {
			isa = PBXGroup;
			children = (
				FD9FC70829A63A8F00F3AC2B /* Bridging */,
				FD3D3CA428BF4D03008DDA51 /* Application */,
				FD3D3CAE28BF5482008DDA51 /* Entities */,
				FD3D3CAB28BF53D3008DDA51 /* Extensions */,
				FD1267C028B7653E008EC465 /* Common */,
				FD0FCADB28C893C1005303BD /* CustomViews */,
				FD1267BB28B632C9008EC465 /* Studio */,
				FDE3038C29A3557B0057EFA8 /* SupportingFiles */,
				FD1267B328B63281008EC465 /* Preview Content */,
			);
			path = JuzStudio;
			sourceTree = "<group>";
		};
		FD1267B328B63281008EC465 /* Preview Content */ = {
			isa = PBXGroup;
			children = (
				FD1267B428B63281008EC465 /* Preview Assets.xcassets */,
			);
			path = "Preview Content";
			sourceTree = "<group>";
		};
		FD1267BB28B632C9008EC465 /* Studio */ = {
			isa = PBXGroup;
			children = (
				FD33D49128D870A8009B373E /* StudioMain */,
			);
			path = Studio;
			sourceTree = "<group>";
		};
		FD1267C028B7653E008EC465 /* Common */ = {
			isa = PBXGroup;
			children = (
				FD1267C128B7654E008EC465 /* StudioConstants.swift */,
				FD9FC70929A63CCC00F3AC2B /* AppConstants.swift */,
			);
			path = Common;
			sourceTree = "<group>";
		};
		FD1CB33428D47D6900B1CCCD /* EffectsView */ = {
			isa = PBXGroup;
			children = (
				FD1CB33928D47FA000B1CCCD /* EffectsView.swift */,
				FD1CB33528D47D8300B1CCCD /* EffectCell.swift */,
			);
			path = EffectsView;
			sourceTree = "<group>";
		};
		FD33D49128D870A8009B373E /* StudioMain */ = {
			isa = PBXGroup;
			children = (
				FD3D3CA028BF4B68008DDA51 /* Components */,
				FD1267BD28B632D3008EC465 /* StudioMainView.swift */,
				FD3D3CA228BF4BA3008DDA51 /* StudioMainViewController.swift */,
				FD9FC70129A6263E00F3AC2B /* StudioMainViewModel.swift */,
				FD9FC70429A6265200F3AC2B /* StudioMainProtocols.swift */,
			);
			path = StudioMain;
			sourceTree = "<group>";
		};
		FD33D49228D870B4009B373E /* EffectsPopUp */ = {
			isa = PBXGroup;
			children = (
				FD6075E528DDB47300C96134 /* EffectsPopUpType.swift */,
				FD33D48628D8665F009B373E /* EffectsPopUpCell.swift */,
				FD33D48328D865ED009B373E /* EffectsPopUpView.swift */,
			);
			path = EffectsPopUp;
			sourceTree = "<group>";
		};
		FD3D3CA028BF4B68008DDA51 /* Components */ = {
			isa = PBXGroup;
			children = (
				FD33D49228D870B4009B373E /* EffectsPopUp */,
				FDFB154E28D323B300F42B0A /* BottomView */,
				FD0FCADE28C89E5A005303BD /* Ruler */,
				FD3D3CA828BF4F91008DDA51 /* Mixer */,
				FD3D3CA728BF4F86008DDA51 /* AudioWive */,
			);
			path = Components;
			sourceTree = "<group>";
		};
		FD3D3CA428BF4D03008DDA51 /* Application */ = {
			isa = PBXGroup;
			children = (
				FD3D3CA528BF4D10008DDA51 /* AppDelegate.swift */,
			);
			path = Application;
			sourceTree = "<group>";
		};
		FD3D3CA728BF4F86008DDA51 /* AudioWive */ = {
			isa = PBXGroup;
			children = (
				FD1267BC28B632D3008EC465 /* AudioWaveView.swift */,
			);
			path = AudioWive;
			sourceTree = "<group>";
		};
		FD3D3CA828BF4F91008DDA51 /* Mixer */ = {
			isa = PBXGroup;
			children = (
				FD3D3CA928BF4FC2008DDA51 /* MixerCell.swift */,
			);
			path = Mixer;
			sourceTree = "<group>";
		};
		FD3D3CAB28BF53D3008DDA51 /* Extensions */ = {
			isa = PBXGroup;
			children = (
				FD3D3CAC28BF53E6008DDA51 /* ViewExtensions.swift */,
				FD2609E428C5BA1100CE623F /* InExtensions.swift */,
				FD3D3CB128BF5733008DDA51 /* ColorExtensions.swift */,
				FD33D48D28D8694D009B373E /* UIColorExtensions.swift */,
				FD8A2FAA28E1AE690089E047 /* DoubleExtension.swift */,
			);
			path = Extensions;
			sourceTree = "<group>";
		};
		FD3D3CAE28BF5482008DDA51 /* Entities */ = {
			isa = PBXGroup;
			children = (
				FD3D3CAF28BF54AA008DDA51 /* MixerCellEntity.swift */,
				FD1CB33728D47D9700B1CCCD /* EffectCellEntity.swift */,
				FD33D48F28D869AF009B373E /* EffectsPopUpCellEntity.swift */,
			);
			path = Entities;
			sourceTree = "<group>";
		};
		FD8A2FAC28E1BBAB0089E047 /* LyricsView */ = {
			isa = PBXGroup;
			children = (
				FD8A2FAD28E1BBC90089E047 /* LyricsView.swift */,
			);
			path = LyricsView;
			sourceTree = "<group>";
		};
		FD9FC6EB29A620B700F3AC2B /* Frameworks */ = {
			isa = PBXGroup;
			children = (
				FDD0246529ACD68A0012F154 /* UIKit.framework */,
				FDD0246329ACCD3F0012F154 /* CoreGraphics.framework */,
				FDD0246129ACCD360012F154 /* Foundation.framework */,
				FDD0245F29ACCD2A0012F154 /* MediaPlayer.framework */,
				FDD0245D29ACCD220012F154 /* CoreMedia.framework */,
				FD9FC6F029A620C000F3AC2B /* AVFoundation.framework */,
				FD9FC6EC29A620B800F3AC2B /* AudioToolbox.framework */,
				FD9FC6ED29A620B800F3AC2B /* CoreAudio.framework */,
			);
			name = Frameworks;
			sourceTree = "<group>";
		};
		FD9FC6F229A620E100F3AC2B /* Superpowered */ = {
			isa = PBXGroup;
			children = (
				FD9FC70629A631C200F3AC2B /* libSuperpoweredAudio.xcframework */,
				FDD0245C29ACB1C40012F154 /* Implementations */,
				FD9FC6FD29A622CA00F3AC2B /* Superpowered.h */,
				FDD0245B29ACB1B60012F154 /* SuperpoweredHTTP.h */,
				FDD0245A29ACB19D0012F154 /* SuperpoweredDecoder.h */,
				FD9FC6FA29A6224200F3AC2B /* SuperpoweredIOSAudioIO.h */,
				FDD0245929ACAEE20012F154 /* SuperpoweredAdvancedAudioPlayer.h */,
				FDD0246729AF62920012F154 /* SuperpoweredAnalyzer.h */,
				FDD0246A29B0C3720012F154 /* SuperpoweredGenerator.h */,
				FDD0246B29B60FC00012F154 /* SuperpoweredBandpassFilterbank.h */,
			);
			path = Superpowered;
			sourceTree = "<group>";
		};
		FD9FC70829A63A8F00F3AC2B /* Bridging */ = {
			isa = PBXGroup;
			children = (
				FD9FC6F929A6224200F3AC2B /* SuperpoweredService.h */,
				FD9FC6FE29A6240500F3AC2B /* SuperpoweredService.m */,
			);
			path = Bridging;
			sourceTree = "<group>";
		};
		FDD0245C29ACB1C40012F154 /* Implementations */ = {
			isa = PBXGroup;
			children = (
				FD9FC6FB29A6224200F3AC2B /* SuperpoweredIOSAudioIO.mm */,
			);
			path = Implementations;
			sourceTree = "<group>";
		};
		FDE3038C29A3557B0057EFA8 /* SupportingFiles */ = {
			isa = PBXGroup;
			children = (
				FD1267B128B63281008EC465 /* Assets.xcassets */,
				FDF0BAED29DABCFA00244E7F /* heroic.mp3 */,
				FD9FC6F529A6220D00F3AC2B /* lycka.mp3 */,
				FD9FC6F629A6220D00F3AC2B /* nuyorica.m4a */,
			);
			path = SupportingFiles;
			sourceTree = "<group>";
		};
		FDFB154E28D323B300F42B0A /* BottomView */ = {
			isa = PBXGroup;
			children = (
				FD8A2FAC28E1BBAB0089E047 /* LyricsView */,
				FD1CB33428D47D6900B1CCCD /* EffectsView */,
				FDFB154F28D323CF00F42B0A /* StudioBottomView.swift */,
			);
			path = BottomView;
			sourceTree = "<group>";
		};
/* End PBXGroup section */

/* Begin PBXNativeTarget section */
		FD1267A928B6327F008EC465 /* JuzStudio */ = {
			isa = PBXNativeTarget;
			buildConfigurationList = FD1267B828B63281008EC465 /* Build configuration list for PBXNativeTarget "JuzStudio" */;
			buildPhases = (
				FD1267A628B6327F008EC465 /* Sources */,
				FD1267A728B6327F008EC465 /* Frameworks */,
				FD1267A828B6327F008EC465 /* Resources */,
			);
			buildRules = (
			);
			dependencies = (
			);
			name = JuzStudio;
			productName = JuzStudio;
			productReference = FD1267AA28B6327F008EC465 /* JuzStudio.app */;
			productType = "com.apple.product-type.application";
		};
/* End PBXNativeTarget section */

/* Begin PBXProject section */
		FD1267A228B6327F008EC465 /* Project object */ = {
			isa = PBXProject;
			attributes = {
				BuildIndependentTargetsInParallel = 1;
				LastSwiftUpdateCheck = 1330;
				LastUpgradeCheck = 1330;
				TargetAttributes = {
					FD1267A928B6327F008EC465 = {
						CreatedOnToolsVersion = 13.3.1;
						LastSwiftMigration = 1420;
					};
				};
			};
			buildConfigurationList = FD1267A528B6327F008EC465 /* Build configuration list for PBXProject "JuzStudio" */;
			compatibilityVersion = "Xcode 13.0";
			developmentRegion = en;
			hasScannedForEncodings = 0;
			knownRegions = (
				en,
				Base,
			);
			mainGroup = FD1267A128B6327F008EC465;
			productRefGroup = FD1267AB28B6327F008EC465 /* Products */;
			projectDirPath = "";
			projectRoot = "";
			targets = (
				FD1267A928B6327F008EC465 /* JuzStudio */,
			);
		};
/* End PBXProject section */

/* Begin PBXResourcesBuildPhase section */
		FD1267A828B6327F008EC465 /* Resources */ = {
			isa = PBXResourcesBuildPhase;
			buildActionMask = 2147483647;
			files = (
				FD1267B528B63281008EC465 /* Preview Assets.xcassets in Resources */,
				FDF0BAEE29DABCFA00244E7F /* heroic.mp3 in Resources */,
				FD9FC6F729A6220E00F3AC2B /* lycka.mp3 in Resources */,
				FD9FC6F829A6220E00F3AC2B /* nuyorica.m4a in Resources */,
				FD1267B228B63281008EC465 /* Assets.xcassets in Resources */,
			);
			runOnlyForDeploymentPostprocessing = 0;
		};
/* End PBXResourcesBuildPhase section */

/* Begin PBXSourcesBuildPhase section */
		FD1267A628B6327F008EC465 /* Sources */ = {
			isa = PBXSourcesBuildPhase;
			buildActionMask = 2147483647;
			files = (
				FD33D49028D869AF009B373E /* EffectsPopUpCellEntity.swift in Sources */,
				FD6075E628DDB47300C96134 /* EffectsPopUpType.swift in Sources */,
				FDFB155028D323CF00F42B0A /* StudioBottomView.swift in Sources */,
				FD3D3CA628BF4D10008DDA51 /* AppDelegate.swift in Sources */,
				FD8A2FAE28E1BBC90089E047 /* LyricsView.swift in Sources */,
				FD1CB33628D47D8300B1CCCD /* EffectCell.swift in Sources */,
				FD3D3CAD28BF53E6008DDA51 /* ViewExtensions.swift in Sources */,
				FD2609E528C5BA1100CE623F /* InExtensions.swift in Sources */,
				FD1CB33828D47D9700B1CCCD /* EffectCellEntity.swift in Sources */,
				FD33D48E28D8694D009B373E /* UIColorExtensions.swift in Sources */,
				FD3D3CA328BF4BA3008DDA51 /* StudioMainViewController.swift in Sources */,
				FD9FC70A29A63CCC00F3AC2B /* AppConstants.swift in Sources */,
				FD1CB33A28D47FA000B1CCCD /* EffectsView.swift in Sources */,
				FD3D3CB228BF5733008DDA51 /* ColorExtensions.swift in Sources */,
				FD1267C228B7654E008EC465 /* StudioConstants.swift in Sources */,
				FD3D3CAA28BF4FC2008DDA51 /* MixerCell.swift in Sources */,
				FD0FCAE028C89E66005303BD /* RulerView.swift in Sources */,
				FD8A2FAB28E1AE690089E047 /* DoubleExtension.swift in Sources */,
				FD1267BF28B632D3008EC465 /* StudioMainView.swift in Sources */,
				FD33D48428D865ED009B373E /* EffectsPopUpView.swift in Sources */,
				FD9FC70529A6265200F3AC2B /* StudioMainProtocols.swift in Sources */,
				FD9FC6FC29A6224300F3AC2B /* SuperpoweredIOSAudioIO.mm in Sources */,
				FD3D3CB028BF54AA008DDA51 /* MixerCellEntity.swift in Sources */,
				FD0FCADD28C893F4005303BD /* AppSlider.swift in Sources */,
				FD1267BE28B632D3008EC465 /* AudioWaveView.swift in Sources */,
				FD9FC70229A6263E00F3AC2B /* StudioMainViewModel.swift in Sources */,
				FD9FC6FF29A6240500F3AC2B /* SuperpoweredService.m in Sources */,
				FD33D48728D8665F009B373E /* EffectsPopUpCell.swift in Sources */,
			);
			runOnlyForDeploymentPostprocessing = 0;
		};
/* End PBXSourcesBuildPhase section */

/* Begin XCBuildConfiguration section */
		FD1267B628B63281008EC465 /* Debug */ = {
			isa = XCBuildConfiguration;
			buildSettings = {
				ALWAYS_SEARCH_USER_PATHS = NO;
				CLANG_ANALYZER_NONNULL = YES;
				CLANG_ANALYZER_NUMBER_OBJECT_CONVERSION = YES_AGGRESSIVE;
				CLANG_CXX_LANGUAGE_STANDARD = "gnu++17";
				CLANG_ENABLE_MODULES = YES;
				CLANG_ENABLE_OBJC_ARC = YES;
				CLANG_ENABLE_OBJC_WEAK = YES;
				CLANG_WARN_BLOCK_CAPTURE_AUTORELEASING = YES;
				CLANG_WARN_BOOL_CONVERSION = YES;
				CLANG_WARN_COMMA = YES;
				CLANG_WARN_CONSTANT_CONVERSION = YES;
				CLANG_WARN_DEPRECATED_OBJC_IMPLEMENTATIONS = YES;
				CLANG_WARN_DIRECT_OBJC_ISA_USAGE = YES_ERROR;
				CLANG_WARN_DOCUMENTATION_COMMENTS = YES;
				CLANG_WARN_EMPTY_BODY = YES;
				CLANG_WARN_ENUM_CONVERSION = YES;
				CLANG_WARN_INFINITE_RECURSION = YES;
				CLANG_WARN_INT_CONVERSION = YES;
				CLANG_WARN_NON_LITERAL_NULL_CONVERSION = YES;
				CLANG_WARN_OBJC_IMPLICIT_RETAIN_SELF = YES;
				CLANG_WARN_OBJC_LITERAL_CONVERSION = YES;
				CLANG_WARN_OBJC_ROOT_CLASS = YES_ERROR;
				CLANG_WARN_QUOTED_INCLUDE_IN_FRAMEWORK_HEADER = YES;
				CLANG_WARN_RANGE_LOOP_ANALYSIS = YES;
				CLANG_WARN_STRICT_PROTOTYPES = YES;
				CLANG_WARN_SUSPICIOUS_MOVE = YES;
				CLANG_WARN_UNGUARDED_AVAILABILITY = YES_AGGRESSIVE;
				CLANG_WARN_UNREACHABLE_CODE = YES;
				CLANG_WARN__DUPLICATE_METHOD_MATCH = YES;
				COPY_PHASE_STRIP = NO;
				DEBUG_INFORMATION_FORMAT = dwarf;
				ENABLE_STRICT_OBJC_MSGSEND = YES;
				ENABLE_TESTABILITY = YES;
				GCC_C_LANGUAGE_STANDARD = gnu11;
				GCC_DYNAMIC_NO_PIC = NO;
				GCC_NO_COMMON_BLOCKS = YES;
				GCC_OPTIMIZATION_LEVEL = 0;
				GCC_PREPROCESSOR_DEFINITIONS = (
					"DEBUG=1",
					"$(inherited)",
				);
				GCC_WARN_64_TO_32_BIT_CONVERSION = YES;
				GCC_WARN_ABOUT_RETURN_TYPE = YES_ERROR;
				GCC_WARN_UNDECLARED_SELECTOR = YES;
				GCC_WARN_UNINITIALIZED_AUTOS = YES_AGGRESSIVE;
				GCC_WARN_UNUSED_FUNCTION = YES;
				GCC_WARN_UNUSED_VARIABLE = YES;
				IPHONEOS_DEPLOYMENT_TARGET = 15.4;
				MTL_ENABLE_DEBUG_INFO = INCLUDE_SOURCE;
				MTL_FAST_MATH = YES;
				ONLY_ACTIVE_ARCH = YES;
				SDKROOT = iphoneos;
				SWIFT_ACTIVE_COMPILATION_CONDITIONS = DEBUG;
				SWIFT_OPTIMIZATION_LEVEL = "-Onone";
			};
			name = Debug;
		};
		FD1267B728B63281008EC465 /* Release */ = {
			isa = XCBuildConfiguration;
			buildSettings = {
				ALWAYS_SEARCH_USER_PATHS = NO;
				CLANG_ANALYZER_NONNULL = YES;
				CLANG_ANALYZER_NUMBER_OBJECT_CONVERSION = YES_AGGRESSIVE;
				CLANG_CXX_LANGUAGE_STANDARD = "gnu++17";
				CLANG_ENABLE_MODULES = YES;
				CLANG_ENABLE_OBJC_ARC = YES;
				CLANG_ENABLE_OBJC_WEAK = YES;
				CLANG_WARN_BLOCK_CAPTURE_AUTORELEASING = YES;
				CLANG_WARN_BOOL_CONVERSION = YES;
				CLANG_WARN_COMMA = YES;
				CLANG_WARN_CONSTANT_CONVERSION = YES;
				CLANG_WARN_DEPRECATED_OBJC_IMPLEMENTATIONS = YES;
				CLANG_WARN_DIRECT_OBJC_ISA_USAGE = YES_ERROR;
				CLANG_WARN_DOCUMENTATION_COMMENTS = YES;
				CLANG_WARN_EMPTY_BODY = YES;
				CLANG_WARN_ENUM_CONVERSION = YES;
				CLANG_WARN_INFINITE_RECURSION = YES;
				CLANG_WARN_INT_CONVERSION = YES;
				CLANG_WARN_NON_LITERAL_NULL_CONVERSION = YES;
				CLANG_WARN_OBJC_IMPLICIT_RETAIN_SELF = YES;
				CLANG_WARN_OBJC_LITERAL_CONVERSION = YES;
				CLANG_WARN_OBJC_ROOT_CLASS = YES_ERROR;
				CLANG_WARN_QUOTED_INCLUDE_IN_FRAMEWORK_HEADER = YES;
				CLANG_WARN_RANGE_LOOP_ANALYSIS = YES;
				CLANG_WARN_STRICT_PROTOTYPES = YES;
				CLANG_WARN_SUSPICIOUS_MOVE = YES;
				CLANG_WARN_UNGUARDED_AVAILABILITY = YES_AGGRESSIVE;
				CLANG_WARN_UNREACHABLE_CODE = YES;
				CLANG_WARN__DUPLICATE_METHOD_MATCH = YES;
				COPY_PHASE_STRIP = NO;
				DEBUG_INFORMATION_FORMAT = "dwarf-with-dsym";
				ENABLE_NS_ASSERTIONS = NO;
				ENABLE_STRICT_OBJC_MSGSEND = YES;
				GCC_C_LANGUAGE_STANDARD = gnu11;
				GCC_NO_COMMON_BLOCKS = YES;
				GCC_WARN_64_TO_32_BIT_CONVERSION = YES;
				GCC_WARN_ABOUT_RETURN_TYPE = YES_ERROR;
				GCC_WARN_UNDECLARED_SELECTOR = YES;
				GCC_WARN_UNINITIALIZED_AUTOS = YES_AGGRESSIVE;
				GCC_WARN_UNUSED_FUNCTION = YES;
				GCC_WARN_UNUSED_VARIABLE = YES;
				IPHONEOS_DEPLOYMENT_TARGET = 15.4;
				MTL_ENABLE_DEBUG_INFO = NO;
				MTL_FAST_MATH = YES;
				SDKROOT = iphoneos;
				SWIFT_COMPILATION_MODE = wholemodule;
				SWIFT_OPTIMIZATION_LEVEL = "-O";
				VALIDATE_PRODUCT = YES;
			};
			name = Release;
		};
		FD1267B928B63281008EC465 /* Debug */ = {
			isa = XCBuildConfiguration;
			buildSettings = {
				ASSETCATALOG_COMPILER_APPICON_NAME = AppIcon;
				ASSETCATALOG_COMPILER_GLOBAL_ACCENT_COLOR_NAME = AccentColor;
				CLANG_CXX_LANGUAGE_STANDARD = "gnu++0x";
				CLANG_ENABLE_MODULES = YES;
				CODE_SIGN_STYLE = Automatic;
				CURRENT_PROJECT_VERSION = 1;
				DEVELOPMENT_ASSET_PATHS = "\"JuzStudio/Preview Content\"";
				DEVELOPMENT_TEAM = PB2762M9G4;
				ENABLE_PREVIEWS = YES;
				GCC_C_LANGUAGE_STANDARD = gnu99;
				GCC_INPUT_FILETYPE = sourcecode.cpp.objcpp;
				GENERATE_INFOPLIST_FILE = YES;
				INFOPLIST_KEY_UIApplicationSupportsIndirectInputEvents = YES;
				INFOPLIST_KEY_UILaunchScreen_Generation = YES;
				INFOPLIST_KEY_UISupportedInterfaceOrientations_iPad = "UIInterfaceOrientationPortrait UIInterfaceOrientationPortraitUpsideDown UIInterfaceOrientationLandscapeLeft UIInterfaceOrientationLandscapeRight";
				INFOPLIST_KEY_UISupportedInterfaceOrientations_iPhone = "UIInterfaceOrientationPortrait UIInterfaceOrientationLandscapeLeft UIInterfaceOrientationLandscapeRight";
				IPHONEOS_DEPLOYMENT_TARGET = 14.0;
				LD_RUNPATH_SEARCH_PATHS = (
					"$(inherited)",
					"@executable_path/Frameworks",
				);
				MARKETING_VERSION = 1.0;
				PRODUCT_BUNDLE_IDENTIFIER = biz.galamat.qos.app.JuzStudio;
				PRODUCT_NAME = "$(TARGET_NAME)";
				SWIFT_EMIT_LOC_STRINGS = YES;
				SWIFT_OBJC_BRIDGING_HEADER = JuzStudio/Bridging/SuperpoweredService.h;
				SWIFT_OPTIMIZATION_LEVEL = "-Onone";
				SWIFT_VERSION = 5.0;
				TARGETED_DEVICE_FAMILY = "1,2";
			};
			name = Debug;
		};
		FD1267BA28B63281008EC465 /* Release */ = {
			isa = XCBuildConfiguration;
			buildSettings = {
				ASSETCATALOG_COMPILER_APPICON_NAME = AppIcon;
				ASSETCATALOG_COMPILER_GLOBAL_ACCENT_COLOR_NAME = AccentColor;
				CLANG_CXX_LANGUAGE_STANDARD = "gnu++0x";
				CLANG_ENABLE_MODULES = YES;
				CODE_SIGN_STYLE = Automatic;
				CURRENT_PROJECT_VERSION = 1;
				DEVELOPMENT_ASSET_PATHS = "\"JuzStudio/Preview Content\"";
				DEVELOPMENT_TEAM = PB2762M9G4;
				ENABLE_PREVIEWS = YES;
				GCC_C_LANGUAGE_STANDARD = gnu99;
				GCC_INPUT_FILETYPE = sourcecode.cpp.objcpp;
				GENERATE_INFOPLIST_FILE = YES;
				INFOPLIST_KEY_UIApplicationSupportsIndirectInputEvents = YES;
				INFOPLIST_KEY_UILaunchScreen_Generation = YES;
				INFOPLIST_KEY_UISupportedInterfaceOrientations_iPad = "UIInterfaceOrientationPortrait UIInterfaceOrientationPortraitUpsideDown UIInterfaceOrientationLandscapeLeft UIInterfaceOrientationLandscapeRight";
				INFOPLIST_KEY_UISupportedInterfaceOrientations_iPhone = "UIInterfaceOrientationPortrait UIInterfaceOrientationLandscapeLeft UIInterfaceOrientationLandscapeRight";
				IPHONEOS_DEPLOYMENT_TARGET = 14.0;
				LD_RUNPATH_SEARCH_PATHS = (
					"$(inherited)",
					"@executable_path/Frameworks",
				);
				MARKETING_VERSION = 1.0;
				PRODUCT_BUNDLE_IDENTIFIER = biz.galamat.qos.app.JuzStudio;
				PRODUCT_NAME = "$(TARGET_NAME)";
				SWIFT_EMIT_LOC_STRINGS = YES;
				SWIFT_OBJC_BRIDGING_HEADER = JuzStudio/Bridging/SuperpoweredService.h;
				SWIFT_VERSION = 5.0;
				TARGETED_DEVICE_FAMILY = "1,2";
			};
			name = Release;
		};
/* End XCBuildConfiguration section */

/* Begin XCConfigurationList section */
		FD1267A528B6327F008EC465 /* Build configuration list for PBXProject "JuzStudio" */ = {
			isa = XCConfigurationList;
			buildConfigurations = (
				FD1267B628B63281008EC465 /* Debug */,
				FD1267B728B63281008EC465 /* Release */,
			);
			defaultConfigurationIsVisible = 0;
			defaultConfigurationName = Release;
		};
		FD1267B828B63281008EC465 /* Build configuration list for PBXNativeTarget "JuzStudio" */ = {
			isa = XCConfigurationList;
			buildConfigurations = (
				FD1267B928B63281008EC465 /* Debug */,
				FD1267BA28B63281008EC465 /* Release */,
			);
			defaultConfigurationIsVisible = 0;
			defaultConfigurationName = Release;
		};
/* End XCConfigurationList section */
	};
	rootObject = FD1267A228B6327F008EC465 /* Project object */;
}
